
Microsoft Visual Studio Solution File, Format Version 12.00
# Visual Studio 2015
Project("{FAE04EC0-301F-11D3-BF4B-00C04F79EFBC}") = "SpaceTTT.CSharp", "SpaceTTT.CSharp.csproj", "{D5A2FCB4-6063-777D-BD92-6AE79D814F27}"
EndProject
Project("{FAE04EC0-301F-11D3-BF4B-00C04F79EFBC}") = "SpaceTTT.CSharp.Editor", "SpaceTTT.CSharp.Editor.csproj", "{AA073640-C827-19A4-68AA-2BFF2C107F6B}"
EndProject
Global
	GlobalSection(SolutionConfigurationPlatforms) = preSolution
		Debug|Any CPU = Debug|Any CPU
		Release|Any CPU = Release|Any CPU
	EndGlobalSection
	GlobalSection(ProjectConfigurationPlatforms) = postSolution
		{D5A2FCB4-6063-777D-BD92-6AE79D814F27}.Debug|Any CPU.ActiveCfg = Debug|Any CPU
		{D5A2FCB4-6063-777D-BD92-6AE79D814F27}.Debug|Any CPU.Build.0 = Debug|Any CPU
		{D5A2FCB4-6063-777D-BD92-6AE79D814F27}.Release|Any CPU.ActiveCfg = Release|Any CPU
		{D5A2FCB4-6063-777D-BD92-6AE79D814F27}.Release|Any CPU.Build.0 = Release|Any CPU
		{AA073640-C827-19A4-68AA-2BFF2C107F6B}.Debug|Any CPU.ActiveCfg = Debug|Any CPU
		{AA073640-C827-19A4-68AA-2BFF2C107F6B}.Debug|Any CPU.Build.0 = Debug|Any CPU
		{AA073640-C827-19A4-68AA-2BFF2C107F6B}.Release|Any CPU.ActiveCfg = Release|Any CPU
		{AA073640-C827-19A4-68AA-2BFF2C107F6B}.Release|Any CPU.Build.0 = Release|Any CPU
	EndGlobalSection
	GlobalSection(SolutionProperties) = preSolution
		HideSolutionNode = FALSE
	EndGlobalSection
EndGlobal
