Microsoft Visual Studio Solution File, Format Version 11.00
# Visual Studio 2008

Project("{1A2CB3B7-A00A-8728-84FE-C6B1F9D2AEF3}") = "SpaceTTT", "Assembly-CSharp.csproj", "{0DCA9F59-A9FB-46DD-1F3B-E03EEF4668F8}"
EndProject
Project("{1A2CB3B7-A00A-8728-84FE-C6B1F9D2AEF3}") = "SpaceTTT", "Assembly-CSharp-Editor.csproj", "{2A6931F3-2860-EA7F-8A56-BBCF1BC30A5D}"
EndProject
Global
	GlobalSection(SolutionConfigurationPlatforms) = preSolution
		Debug|Any CPU = Debug|Any CPU
		Release|Any CPU = Release|Any CPU
	EndGlobalSection
	GlobalSection(ProjectConfigurationPlatforms) = postSolution
		{0DCA9F59-A9FB-46DD-1F3B-E03EEF4668F8}.Debug|Any CPU.ActiveCfg = Debug|Any CPU
		{0DCA9F59-A9FB-46DD-1F3B-E03EEF4668F8}.Debug|Any CPU.Build.0 = Debug|Any CPU
		{0DCA9F59-A9FB-46DD-1F3B-E03EEF4668F8}.Release|Any CPU.ActiveCfg = Release|Any CPU
		{0DCA9F59-A9FB-46DD-1F3B-E03EEF4668F8}.Release|Any CPU.Build.0 = Release|Any CPU
		{2A6931F3-2860-EA7F-8A56-BBCF1BC30A5D}.Debug|Any CPU.ActiveCfg = Debug|Any CPU
		{2A6931F3-2860-EA7F-8A56-BBCF1BC30A5D}.Debug|Any CPU.Build.0 = Debug|Any CPU
		{2A6931F3-2860-EA7F-8A56-BBCF1BC30A5D}.Release|Any CPU.ActiveCfg = Release|Any CPU
		{2A6931F3-2860-EA7F-8A56-BBCF1BC30A5D}.Release|Any CPU.Build.0 = Release|Any CPU
	EndGlobalSection
	GlobalSection(SolutionProperties) = preSolution
		HideSolutionNode = FALSE
	EndGlobalSection
	GlobalSection(MonoDevelopProperties) = preSolution
		StartupItem = Assembly-CSharp.csproj
	EndGlobalSection
EndGlobal
